
Microsoft Visual Studio Solution File, Format Version 12.00
# Visual Studio Version 16
VisualStudioVersion = 16.0.31605.320
MinimumVisualStudioVersion = 10.0.40219.1
Project("{FAE04EC0-301F-11D3-BF4B-00C04F79EFBC}") = "PracticeApplication2", "PracticeApplication2\PracticeApplication2.csproj", "{BA51D770-E318-4C0B-B45C-01C41A99E75F}"
EndProject
Global
	GlobalSection(SolutionConfigurationPlatforms) = preSolution
		Debug|Any CPU = Debug|Any CPU
		Release|Any CPU = Release|Any CPU
	EndGlobalSection
	GlobalSection(ProjectConfigurationPlatforms) = postSolution
		{BA51D770-E318-4C0B-B45C-01C41A99E75F}.Debug|Any CPU.ActiveCfg = Debug|Any CPU
		{BA51D770-E318-4C0B-B45C-01C41A99E75F}.Debug|Any CPU.Build.0 = Debug|Any CPU
		{BA51D770-E318-4C0B-B45C-01C41A99E75F}.Release|Any CPU.ActiveCfg = Release|Any CPU
		{BA51D770-E318-4C0B-B45C-01C41A99E75F}.Release|Any CPU.Build.0 = Release|Any CPU
	EndGlobalSection
	GlobalSection(SolutionProperties) = preSolution
		HideSolutionNode = FALSE
	EndGlobalSection
	GlobalSection(ExtensibilityGlobals) = postSolution
		SolutionGuid = {8769DC7E-D60E-440A-893C-B52FF5DAAB18}
	EndGlobalSection
EndGlobal
